
Microsoft Visual Studio Solution File, Format Version 12.00
# Visual Studio Version 17
VisualStudioVersion = 17.13.35806.99
MinimumVisualStudioVersion = 10.0.40219.1
Project("{FAE04EC0-301F-11D3-BF4B-00C04F79EFBC}") = "Test1", "Test1\Test1.csproj", "{C52439C9-CBCD-4D76-A3D8-34F2F588354C}"
EndProject
Project("{FAE04EC0-301F-11D3-BF4B-00C04F79EFBC}") = "loop", "loop\loop.csproj", "{3B2DDE40-58CC-40B4-BEB4-7D551A705FFF}"
EndProject
Project("{FAE04EC0-301F-11D3-BF4B-00C04F79EFBC}") = "forloop", "forloop\forloop.csproj", "{330E7F49-D294-4F4A-8E18-059E580BB3DE}"
EndProject
Project("{FAE04EC0-301F-11D3-BF4B-00C04F79EFBC}") = "password", "password\password.csproj", "{BF016CAF-7207-4EA6-9C25-549EE42F421A}"
EndProject
Project("{FAE04EC0-301F-11D3-BF4B-00C04F79EFBC}") = "Atm", "Atm\Atm.csproj", "{FF20B98B-E7EC-4559-B99E-0B7FA1D3D8ED}"
EndProject
Global
	GlobalSection(SolutionConfigurationPlatforms) = preSolution
		Debug|Any CPU = Debug|Any CPU
		Release|Any CPU = Release|Any CPU
	EndGlobalSection
	GlobalSection(ProjectConfigurationPlatforms) = postSolution
		{C52439C9-CBCD-4D76-A3D8-34F2F588354C}.Debug|Any CPU.ActiveCfg = Debug|Any CPU
		{C52439C9-CBCD-4D76-A3D8-34F2F588354C}.Debug|Any CPU.Build.0 = Debug|Any CPU
		{C52439C9-CBCD-4D76-A3D8-34F2F588354C}.Release|Any CPU.ActiveCfg = Release|Any CPU
		{C52439C9-CBCD-4D76-A3D8-34F2F588354C}.Release|Any CPU.Build.0 = Release|Any CPU
		{3B2DDE40-58CC-40B4-BEB4-7D551A705FFF}.Debug|Any CPU.ActiveCfg = Debug|Any CPU
		{3B2DDE40-58CC-40B4-BEB4-7D551A705FFF}.Debug|Any CPU.Build.0 = Debug|Any CPU
		{3B2DDE40-58CC-40B4-BEB4-7D551A705FFF}.Release|Any CPU.ActiveCfg = Release|Any CPU
		{3B2DDE40-58CC-40B4-BEB4-7D551A705FFF}.Release|Any CPU.Build.0 = Release|Any CPU
		{330E7F49-D294-4F4A-8E18-059E580BB3DE}.Debug|Any CPU.ActiveCfg = Debug|Any CPU
		{330E7F49-D294-4F4A-8E18-059E580BB3DE}.Debug|Any CPU.Build.0 = Debug|Any CPU
		{330E7F49-D294-4F4A-8E18-059E580BB3DE}.Release|Any CPU.ActiveCfg = Release|Any CPU
		{330E7F49-D294-4F4A-8E18-059E580BB3DE}.Release|Any CPU.Build.0 = Release|Any CPU
		{BF016CAF-7207-4EA6-9C25-549EE42F421A}.Debug|Any CPU.ActiveCfg = Debug|Any CPU
		{BF016CAF-7207-4EA6-9C25-549EE42F421A}.Debug|Any CPU.Build.0 = Debug|Any CPU
		{BF016CAF-7207-4EA6-9C25-549EE42F421A}.Release|Any CPU.ActiveCfg = Release|Any CPU
		{BF016CAF-7207-4EA6-9C25-549EE42F421A}.Release|Any CPU.Build.0 = Release|Any CPU
		{FF20B98B-E7EC-4559-B99E-0B7FA1D3D8ED}.Debug|Any CPU.ActiveCfg = Debug|Any CPU
		{FF20B98B-E7EC-4559-B99E-0B7FA1D3D8ED}.Debug|Any CPU.Build.0 = Debug|Any CPU
		{FF20B98B-E7EC-4559-B99E-0B7FA1D3D8ED}.Release|Any CPU.ActiveCfg = Release|Any CPU
		{FF20B98B-E7EC-4559-B99E-0B7FA1D3D8ED}.Release|Any CPU.Build.0 = Release|Any CPU
	EndGlobalSection
	GlobalSection(SolutionProperties) = preSolution
		HideSolutionNode = FALSE
	EndGlobalSection
	GlobalSection(ExtensibilityGlobals) = postSolution
		SolutionGuid = {F654806B-DD50-4730-9F36-3F169665BB5C}
	EndGlobalSection
EndGlobal
